
Microsoft Visual Studio Solution File, Format Version 12.00
# Visual Studio 2013
VisualStudioVersion = 12.0.21005.1
MinimumVisualStudioVersion = 10.0.40219.1
Project("{FAE04EC0-301F-11D3-BF4B-00C04F79EFBC}") = "PcsDemo", "WpfApplication4\PcsDemo.csproj", "{7DA50DD3-8023-4EF5-889F-E707A268FBBD}"
EndProject
Project("{FAE04EC0-301F-11D3-BF4B-00C04F79EFBC}") = "OAuthFileSystem", "OAuthFileSystem\OAuthFileSystem.csproj", "{43115784-7CDF-4E78-A04E-4F7845CE34C6}"
EndProject
Global
	GlobalSection(SolutionConfigurationPlatforms) = preSolution
		Debug|Any CPU = Debug|Any CPU
		Release|Any CPU = Release|Any CPU
	EndGlobalSection
	GlobalSection(ProjectConfigurationPlatforms) = postSolution
		{7DA50DD3-8023-4EF5-889F-E707A268FBBD}.Debug|Any CPU.ActiveCfg = Debug|Any CPU
		{7DA50DD3-8023-4EF5-889F-E707A268FBBD}.Debug|Any CPU.Build.0 = Debug|Any CPU
		{7DA50DD3-8023-4EF5-889F-E707A268FBBD}.Release|Any CPU.ActiveCfg = Release|Any CPU
		{7DA50DD3-8023-4EF5-889F-E707A268FBBD}.Release|Any CPU.Build.0 = Release|Any CPU
		{43115784-7CDF-4E78-A04E-4F7845CE34C6}.Debug|Any CPU.ActiveCfg = Debug|Any CPU
		{43115784-7CDF-4E78-A04E-4F7845CE34C6}.Debug|Any CPU.Build.0 = Debug|Any CPU
		{43115784-7CDF-4E78-A04E-4F7845CE34C6}.Release|Any CPU.ActiveCfg = Release|Any CPU
		{43115784-7CDF-4E78-A04E-4F7845CE34C6}.Release|Any CPU.Build.0 = Release|Any CPU
	EndGlobalSection
	GlobalSection(SolutionProperties) = preSolution
		HideSolutionNode = FALSE
	EndGlobalSection
EndGlobal
